{
  "name": "RetroAchievements-Checker",
  "lockfileVersion": 3,
  "requires": true,
  "packages": {
    "": {
      "dependencies": {
        "dolphin-tool": "^0.2512.1",
        "dotenv": "^17.3.1"
      },
      "devDependencies": {
        "@types/node": "^25.3.5"
      }
    },
    "node_modules/@emmercm/dolphin-tool-darwin-arm64": {
      "version": "0.2512.1",
      "resolved": "https://registry.npmjs.org/@emmercm/dolphin-tool-darwin-arm64/-/dolphin-tool-darwin-arm64-0.2512.1.tgz",
      "integrity": "sha512-h32KH13duI3cj76qfMceJl345O3nwZHh9zt3QsBQjHzlSQvIzXO5yolNgFM4HIntpvLiZ64mZ63nthFd5lB+RA==",
      "cpu": [
        "arm64"
      ],
      "license": "GPL-3.0-or-later",
      "optional": true,
      "os": [
        "darwin"
      ],
      "funding": {
        "url": "https://github.com/sponsors/emmercm"
      }
    },
    "node_modules/@emmercm/dolphin-tool-darwin-x64": {
      "version": "0.2512.1",
      "resolved": "https://registry.npmjs.org/@emmercm/dolphin-tool-darwin-x64/-/dolphin-tool-darwin-x64-0.2512.1.tgz",
      "integrity": "sha512-Gmt9chhmrAyCyIPggP5x5y0MsiLRgGm6cTi6vlb2Z///7PSBH/HDR7Eci9vhdZ1z/IrTNpwtXboC5Cs6mu8TcQ==",
      "cpu": [
        "x64"
      ],
      "license": "GPL-3.0-or-later",
      "optional": true,
      "os": [
        "darwin"
      ],
      "funding": {
        "url": "https://github.com/sponsors/emmercm"
      }
    },
    "node_modules/@emmercm/dolphin-tool-linux-arm": {
      "version": "0.2512.1",
      "resolved": "https://registry.npmjs.org/@emmercm/dolphin-tool-linux-arm/-/dolphin-tool-linux-arm-0.2512.1.tgz",
      "integrity": "sha512-Ln345JuGBjjONSMsBOe5YJbrxqoWxEp7nul5j9xvDrBDJk/daAZg+28J9+/U7z4S3Y2OG0/vEo19Pbh3q1R6Yg==",
      "cpu": [
        "arm"
      ],
      "license": "GPL-3.0-or-later",
      "optional": true,
      "os": [
        "linux"
      ],
      "funding": {
        "url": "https://github.com/sponsors/emmercm"
      }
    },
    "node_modules/@emmercm/dolphin-tool-linux-arm64": {
      "version": "0.2512.1",
      "resolved": "https://registry.npmjs.org/@emmercm/dolphin-tool-linux-arm64/-/dolphin-tool-linux-arm64-0.2512.1.tgz",
      "integrity": "sha512-pP57GKq1MxCtyfad3BT4hQVylYbmmuBv5/piuUOfdkZQBKDW2krLzNBILxkX8LnhQJ5NEQF9Tcq5OeUzAyu6ag==",
      "cpu": [
        "arm64"
      ],
      "license": "GPL-3.0-or-later",
      "optional": true,
      "os": [
        "linux"
      ],
      "funding": {
        "url": "https://github.com/sponsors/emmercm"
      }
    },
    "node_modules/@emmercm/dolphin-tool-linux-x64": {
      "version": "0.2512.1",
      "resolved": "https://registry.npmjs.org/@emmercm/dolphin-tool-linux-x64/-/dolphin-tool-linux-x64-0.2512.1.tgz",
      "integrity": "sha512-UKWvhBnKEncUeHm+fn7tQmqWdyAGeBl2PHuM6UhadBIv7dJ+0dQacCPk/86aAutAtdmo1DyeqMFeskIjT8kX6Q==",
      "cpu": [
        "x64"
      ],
      "license": "GPL-3.0-or-later",
      "optional": true,
      "os": [
        "linux"
      ],
      "funding": {
        "url": "https://github.com/sponsors/emmercm"
      }
    },
    "node_modules/@emmercm/dolphin-tool-win32-arm64": {
      "version": "0.2512.1",
      "resolved": "https://registry.npmjs.org/@emmercm/dolphin-tool-win32-arm64/-/dolphin-tool-win32-arm64-0.2512.1.tgz",
      "integrity": "sha512-SoUNgPIYMyHR4SbqeO1enEPxTvwr3gI5+dbcE9+y716JymJbPhkvlXMfskayQH+5Rj8Fgb7kqSJzTRbDekyB5Q==",
      "cpu": [
        "arm64"
      ],
      "license": "GPL-3.0-or-later",
      "optional": true,
      "os": [
        "win32"
      ],
      "funding": {
        "url": "https://github.com/sponsors/emmercm"
      }
    },
    "node_modules/@emmercm/dolphin-tool-win32-x64": {
      "version": "0.2512.1",
      "resolved": "https://registry.npmjs.org/@emmercm/dolphin-tool-win32-x64/-/dolphin-tool-win32-x64-0.2512.1.tgz",
      "integrity": "sha512-yRQdyD8Y9bLhNUxP7US/yfDHB6yQ5/BVJRm0xixjo9Fg0p6NAidAAnTs1B4QKgMpx/l7gUvsbmyLfxLac4a6lQ==",
      "cpu": [
        "x64"
      ],
      "license": "GPL-3.0-or-later",
      "optional": true,
      "os": [
        "win32"
      ],
      "funding": {
        "url": "https://github.com/sponsors/emmercm"
      }
    },
    "node_modules/@types/node": {
      "version": "25.3.5",
      "resolved": "https://registry.npmjs.org/@types/node/-/node-25.3.5.tgz",
      "integrity": "sha512-oX8xrhvpiyRCQkG1MFchB09f+cXftgIXb3a7UUa4Y3wpmZPw5tyZGTLWhlESOLq1Rq6oDlc8npVU2/9xiCuXMA==",
      "dev": true,
      "license": "MIT",
      "dependencies": {
        "undici-types": "~7.18.0"
      }
    },
    "node_modules/async-mutex": {
      "version": "0.5.0",
      "resolved": "https://registry.npmjs.org/async-mutex/-/async-mutex-0.5.0.tgz",
      "integrity": "sha512-1A94B18jkJ3DYq284ohPxoXbfTA5HsQ7/Mf4DEhcyLx3Bz27Rh59iScbB6EPiP+B+joue6YCxcMXSbFC1tZKwA==",
      "license": "MIT",
      "dependencies": {
        "tslib": "^2.4.0"
      }
    },
    "node_modules/dolphin-tool": {
      "version": "0.2512.1",
      "resolved": "https://registry.npmjs.org/dolphin-tool/-/dolphin-tool-0.2512.1.tgz",
      "integrity": "sha512-6LRxzdFpPf15U+gg7geKcSyP9Jog3dTEdyGd5uCApHH7o2Bxb3CyMqLU4i8G51inVaHkP2gS+3rfTiuA+ORHnA==",
      "license": "GPL-3.0-or-later",
      "dependencies": {
        "async-mutex": "^0.5.0",
        "which": "^6.0.1"
      },
      "bin": {
        "dolphin-tool": "dist/src/bin.js"
      },
      "engines": {
        "node": ">=16.6.0"
      },
      "funding": {
        "url": "https://github.com/sponsors/emmercm"
      },
      "optionalDependencies": {
        "@emmercm/dolphin-tool-darwin-arm64": "^0.2512.1",
        "@emmercm/dolphin-tool-darwin-x64": "^0.2512.1",
        "@emmercm/dolphin-tool-linux-arm": "^0.2512.1",
        "@emmercm/dolphin-tool-linux-arm64": "^0.2512.1",
        "@emmercm/dolphin-tool-linux-x64": "^0.2512.1",
        "@emmercm/dolphin-tool-win32-arm64": "^0.2512.1",
        "@emmercm/dolphin-tool-win32-x64": "^0.2512.1"
      }
    },
    "node_modules/dotenv": {
      "version": "17.3.1",
      "resolved": "https://registry.npmjs.org/dotenv/-/dotenv-17.3.1.tgz",
      "integrity": "sha512-IO8C/dzEb6O3F9/twg6ZLXz164a2fhTnEWb95H23Dm4OuN+92NmEAlTrupP9VW6Jm3sO26tQlqyvyi4CsnY9GA==",
      "license": "BSD-2-Clause",
      "engines": {
        "node": ">=12"
      },
      "funding": {
        "url": "https://dotenvx.com"
      }
    },
    "node_modules/isexe": {
      "version": "4.0.0",
      "resolved": "https://registry.npmjs.org/isexe/-/isexe-4.0.0.tgz",
      "integrity": "sha512-FFUtZMpoZ8RqHS3XeXEmHWLA4thH+ZxCv2lOiPIn1Xc7CxrqhWzNSDzD+/chS/zbYezmiwWLdQC09JdQKmthOw==",
      "license": "BlueOak-1.0.0",
      "engines": {
        "node": ">=20"
      }
    },
    "node_modules/tslib": {
      "version": "2.8.1",
      "resolved": "https://registry.npmjs.org/tslib/-/tslib-2.8.1.tgz",
      "integrity": "sha512-oJFu94HQb+KVduSUQL7wnpmqnfmLsOA/nAh6b6EH0wCEoK0/mPeXU6c3wKDV83MkOuHPRHtSXKKU99IBazS/2w==",
      "license": "0BSD"
    },
    "node_modules/undici-types": {
      "version": "7.18.2",
      "resolved": "https://registry.npmjs.org/undici-types/-/undici-types-7.18.2.tgz",
      "integrity": "sha512-AsuCzffGHJybSaRrmr5eHr81mwJU3kjw6M+uprWvCXiNeN9SOGwQ3Jn8jb8m3Z6izVgknn1R0FTCEAP2QrLY/w==",
      "dev": true,
      "license": "MIT"
    },
    "node_modules/which": {
      "version": "6.0.1",
      "resolved": "https://registry.npmjs.org/which/-/which-6.0.1.tgz",
      "integrity": "sha512-oGLe46MIrCRqX7ytPUf66EAYvdeMIZYn3WaocqqKZAxrBpkqHfL/qvTyJ/bTk5+AqHCjXmrv3CEWgy368zhRUg==",
      "license": "ISC",
      "dependencies": {
        "isexe": "^4.0.0"
      },
      "bin": {
        "node-which": "bin/which.js"
      },
      "engines": {
        "node": "^20.17.0 || >=22.9.0"
      }
    }
  }
}
